
Microsoft Visual Studio Solution File, Format Version 12.00
# Visual Studio Version 17
VisualStudioVersion = 17.14.36518.9 d17.14
MinimumVisualStudioVersion = 10.0.40219.1
Project("{FAE04EC0-301F-11D3-BF4B-00C04F79EFBC}") = "lab_12", "lab_12\lab_12.csproj", "{5D519DFD-504F-4AB0-AC6E-125A61D7597D}"
EndProject
Global
	GlobalSection(SolutionConfigurationPlatforms) = preSolution
		Debug|Any CPU = Debug|Any CPU
		Release|Any CPU = Release|Any CPU
	EndGlobalSection
	GlobalSection(ProjectConfigurationPlatforms) = postSolution
		{5D519DFD-504F-4AB0-AC6E-125A61D7597D}.Debug|Any CPU.ActiveCfg = Debug|Any CPU
		{5D519DFD-504F-4AB0-AC6E-125A61D7597D}.Debug|Any CPU.Build.0 = Debug|Any CPU
		{5D519DFD-504F-4AB0-AC6E-125A61D7597D}.Release|Any CPU.ActiveCfg = Release|Any CPU
		{5D519DFD-504F-4AB0-AC6E-125A61D7597D}.Release|Any CPU.Build.0 = Release|Any CPU
	EndGlobalSection
	GlobalSection(SolutionProperties) = preSolution
		HideSolutionNode = FALSE
	EndGlobalSection
	GlobalSection(ExtensibilityGlobals) = postSolution
		SolutionGuid = {AB2F9070-A14B-4F9F-B7BC-BB552E90E371}
	EndGlobalSection
EndGlobal
