
Microsoft Visual Studio Solution File, Format Version 12.00
# Visual Studio Version 17
VisualStudioVersion = 17.14.36518.9 d17.14
MinimumVisualStudioVersion = 10.0.40219.1
Project("{FAE04EC0-301F-11D3-BF4B-00C04F79EFBC}") = "laba_9", "laba_9\laba_9.csproj", "{EC1255A9-DBFA-4252-A1C5-6264602E41FB}"
EndProject
Global
	GlobalSection(SolutionConfigurationPlatforms) = preSolution
		Debug|Any CPU = Debug|Any CPU
		Release|Any CPU = Release|Any CPU
	EndGlobalSection
	GlobalSection(ProjectConfigurationPlatforms) = postSolution
		{EC1255A9-DBFA-4252-A1C5-6264602E41FB}.Debug|Any CPU.ActiveCfg = Debug|Any CPU
		{EC1255A9-DBFA-4252-A1C5-6264602E41FB}.Debug|Any CPU.Build.0 = Debug|Any CPU
		{EC1255A9-DBFA-4252-A1C5-6264602E41FB}.Release|Any CPU.ActiveCfg = Release|Any CPU
		{EC1255A9-DBFA-4252-A1C5-6264602E41FB}.Release|Any CPU.Build.0 = Release|Any CPU
	EndGlobalSection
	GlobalSection(SolutionProperties) = preSolution
		HideSolutionNode = FALSE
	EndGlobalSection
	GlobalSection(ExtensibilityGlobals) = postSolution
		SolutionGuid = {2D020E0F-44C4-4FA4-B871-95E91191238A}
	EndGlobalSection
EndGlobal
