
Microsoft Visual Studio Solution File, Format Version 12.00
# Visual Studio Version 17
VisualStudioVersion = 17.14.36518.9 d17.14
MinimumVisualStudioVersion = 10.0.40219.1
Project("{FAE04EC0-301F-11D3-BF4B-00C04F79EFBC}") = "laboratory_task_4", "laboratory_task_4\laboratory_task_4.csproj", "{AA3796C0-0149-4BB2-9C85-5106695D8548}"
EndProject
Global
	GlobalSection(SolutionConfigurationPlatforms) = preSolution
		Debug|Any CPU = Debug|Any CPU
		Release|Any CPU = Release|Any CPU
	EndGlobalSection
	GlobalSection(ProjectConfigurationPlatforms) = postSolution
		{AA3796C0-0149-4BB2-9C85-5106695D8548}.Debug|Any CPU.ActiveCfg = Debug|Any CPU
		{AA3796C0-0149-4BB2-9C85-5106695D8548}.Debug|Any CPU.Build.0 = Debug|Any CPU
		{AA3796C0-0149-4BB2-9C85-5106695D8548}.Release|Any CPU.ActiveCfg = Release|Any CPU
		{AA3796C0-0149-4BB2-9C85-5106695D8548}.Release|Any CPU.Build.0 = Release|Any CPU
	EndGlobalSection
	GlobalSection(SolutionProperties) = preSolution
		HideSolutionNode = FALSE
	EndGlobalSection
	GlobalSection(ExtensibilityGlobals) = postSolution
		SolutionGuid = {43061637-063D-401C-8B98-2FE51413F97F}
	EndGlobalSection
EndGlobal
