
Microsoft Visual Studio Solution File, Format Version 12.00
# Visual Studio Version 17
VisualStudioVersion = 17.14.36518.9 d17.14
MinimumVisualStudioVersion = 10.0.40219.1
Project("{FAE04EC0-301F-11D3-BF4B-00C04F79EFBC}") = "laboratory_task_3", "laboratory_task_3\laboratory_task_3.csproj", "{899735A8-2532-45E4-9C2E-89D72AC3221B}"
EndProject
Global
	GlobalSection(SolutionConfigurationPlatforms) = preSolution
		Debug|Any CPU = Debug|Any CPU
		Release|Any CPU = Release|Any CPU
	EndGlobalSection
	GlobalSection(ProjectConfigurationPlatforms) = postSolution
		{899735A8-2532-45E4-9C2E-89D72AC3221B}.Debug|Any CPU.ActiveCfg = Debug|Any CPU
		{899735A8-2532-45E4-9C2E-89D72AC3221B}.Debug|Any CPU.Build.0 = Debug|Any CPU
		{899735A8-2532-45E4-9C2E-89D72AC3221B}.Release|Any CPU.ActiveCfg = Release|Any CPU
		{899735A8-2532-45E4-9C2E-89D72AC3221B}.Release|Any CPU.Build.0 = Release|Any CPU
	EndGlobalSection
	GlobalSection(SolutionProperties) = preSolution
		HideSolutionNode = FALSE
	EndGlobalSection
	GlobalSection(ExtensibilityGlobals) = postSolution
		SolutionGuid = {B8147818-FD17-4BD6-A26A-30DAA2C96AC7}
	EndGlobalSection
EndGlobal
