
Microsoft Visual Studio Solution File, Format Version 12.00
# Visual Studio Version 17
VisualStudioVersion = 17.14.36518.9 d17.14
MinimumVisualStudioVersion = 10.0.40219.1
Project("{FAE04EC0-301F-11D3-BF4B-00C04F79EFBC}") = "lab_2", "lab_2\lab_2.csproj", "{5EB0D27B-8AC1-4BA0-AA9B-D1BC56108DBF}"
EndProject
Global
	GlobalSection(SolutionConfigurationPlatforms) = preSolution
		Debug|Any CPU = Debug|Any CPU
		Release|Any CPU = Release|Any CPU
	EndGlobalSection
	GlobalSection(ProjectConfigurationPlatforms) = postSolution
		{5EB0D27B-8AC1-4BA0-AA9B-D1BC56108DBF}.Debug|Any CPU.ActiveCfg = Debug|Any CPU
		{5EB0D27B-8AC1-4BA0-AA9B-D1BC56108DBF}.Debug|Any CPU.Build.0 = Debug|Any CPU
		{5EB0D27B-8AC1-4BA0-AA9B-D1BC56108DBF}.Release|Any CPU.ActiveCfg = Release|Any CPU
		{5EB0D27B-8AC1-4BA0-AA9B-D1BC56108DBF}.Release|Any CPU.Build.0 = Release|Any CPU
	EndGlobalSection
	GlobalSection(SolutionProperties) = preSolution
		HideSolutionNode = FALSE
	EndGlobalSection
	GlobalSection(ExtensibilityGlobals) = postSolution
		SolutionGuid = {09D04F39-103D-40A2-810B-E4E75A5097B6}
	EndGlobalSection
EndGlobal
